
Microsoft Visual Studio Solution File, Format Version 12.00
# Visual Studio Version 17
VisualStudioVersion = 17.9.34622.214
MinimumVisualStudioVersion = 10.0.40219.1
Project("{9A19103F-16F7-4668-BE54-9A1E7A4F7556}") = "prewatykan", "prewatykan.csproj", "{D6735513-1793-4D54-85AD-C1151C8A3A0D}"
EndProject
Global
	GlobalSection(SolutionConfigurationPlatforms) = preSolution
		Debug|Any CPU = Debug|Any CPU
		Release|Any CPU = Release|Any CPU
	EndGlobalSection
	GlobalSection(ProjectConfigurationPlatforms) = postSolution
		{D6735513-1793-4D54-85AD-C1151C8A3A0D}.Debug|Any CPU.ActiveCfg = Debug|Any CPU
		{D6735513-1793-4D54-85AD-C1151C8A3A0D}.Debug|Any CPU.Build.0 = Debug|Any CPU
		{D6735513-1793-4D54-85AD-C1151C8A3A0D}.Release|Any CPU.ActiveCfg = Release|Any CPU
		{D6735513-1793-4D54-85AD-C1151C8A3A0D}.Release|Any CPU.Build.0 = Release|Any CPU
	EndGlobalSection
	GlobalSection(SolutionProperties) = preSolution
		HideSolutionNode = FALSE
	EndGlobalSection
	GlobalSection(ExtensibilityGlobals) = postSolution
		SolutionGuid = {8EC9C533-91C8-4190-A662-CC0A0D494931}
	EndGlobalSection
EndGlobal
